
Microsoft Visual Studio Solution File, Format Version 12.00
# Visual Studio Version 16
VisualStudioVersion = 16.0.29728.190
MinimumVisualStudioVersion = 10.0.40219.1
Project("{2150E333-8FDC-42A3-9474-1A3956D46DE8}") = "src", "src", "{435D9A3D-82C6-402A-AA4D-7A82D1311B24}"
EndProject
Project("{2150E333-8FDC-42A3-9474-1A3956D46DE8}") = "tests", "tests", "{1EF28668-2FD9-4C97-A22F-3E65DD7DF505}"
EndProject
Project("{2150E333-8FDC-42A3-9474-1A3956D46DE8}") = "API", "API", "{7E1F97E7-5379-47DE-9F67-EACBA79C837E}"
EndProject
Project("{2150E333-8FDC-42A3-9474-1A3956D46DE8}") = "Application", "Application", "{5DF11CD8-C58F-469C-8166-398C3E92A373}"
EndProject
Project("{2150E333-8FDC-42A3-9474-1A3956D46DE8}") = "Domain", "Domain", "{0B96DDC7-14E1-4C46-AE51-7D97A43D2AA7}"
EndProject
Project("{2150E333-8FDC-42A3-9474-1A3956D46DE8}") = "Infra", "Infra", "{E77887BF-A0AF-49E6-A922-C38203BEA8B1}"
EndProject
Project("{2150E333-8FDC-42A3-9474-1A3956D46DE8}") = "Util", "Util", "{5FACB40A-A4B1-45CE-BD8A-C4B32DBDDED2}"
EndProject
Project("{9A19103F-16F7-4668-BE54-9A1E7A4F7556}") = "Nibo.API", "src\API\Nibo.API\Nibo.API.csproj", "{1A8899AC-D830-4CCC-B9F1-FC8E40CDD29F}"
EndProject
Project("{9A19103F-16F7-4668-BE54-9A1E7A4F7556}") = "Nibo.Application", "src\Application\Nibo.Application\Nibo.Application.csproj", "{2F27AEB2-2EC0-4CF2-9227-653ED92C61C2}"
EndProject
Project("{9A19103F-16F7-4668-BE54-9A1E7A4F7556}") = "Nibo.Domain", "src\Domain\Nibo.Domain\Nibo.Domain.csproj", "{B59E5BFD-D9F6-4460-9A6F-FB2FF12861A8}"
EndProject
Project("{9A19103F-16F7-4668-BE54-9A1E7A4F7556}") = "Nibo.Infra", "src\Infra\Nibo.Infra\Nibo.Infra.csproj", "{DDB06BD6-3467-4B22-8D6D-72286D2DD42E}"
EndProject
Project("{9A19103F-16F7-4668-BE54-9A1E7A4F7556}") = "Nibo.UnitTests", "tests\Nibo.Tests\Nibo.UnitTests.csproj", "{E2022AA3-B23E-4EA9-8FE9-254B642F6EA0}"
EndProject
Project("{9A19103F-16F7-4668-BE54-9A1E7A4F7556}") = "Nibo.Util", "src\Util\Nibo.Util\Nibo.Util.csproj", "{E2193352-FE0C-4E5F-AEA0-DCA581C620E2}"
EndProject
Global
	GlobalSection(SolutionConfigurationPlatforms) = preSolution
		Debug|Any CPU = Debug|Any CPU
		Release|Any CPU = Release|Any CPU
	EndGlobalSection
	GlobalSection(ProjectConfigurationPlatforms) = postSolution
		{1A8899AC-D830-4CCC-B9F1-FC8E40CDD29F}.Debug|Any CPU.ActiveCfg = Debug|Any CPU
		{1A8899AC-D830-4CCC-B9F1-FC8E40CDD29F}.Debug|Any CPU.Build.0 = Debug|Any CPU
		{1A8899AC-D830-4CCC-B9F1-FC8E40CDD29F}.Release|Any CPU.ActiveCfg = Release|Any CPU
		{1A8899AC-D830-4CCC-B9F1-FC8E40CDD29F}.Release|Any CPU.Build.0 = Release|Any CPU
		{2F27AEB2-2EC0-4CF2-9227-653ED92C61C2}.Debug|Any CPU.ActiveCfg = Debug|Any CPU
		{2F27AEB2-2EC0-4CF2-9227-653ED92C61C2}.Debug|Any CPU.Build.0 = Debug|Any CPU
		{2F27AEB2-2EC0-4CF2-9227-653ED92C61C2}.Release|Any CPU.ActiveCfg = Release|Any CPU
		{2F27AEB2-2EC0-4CF2-9227-653ED92C61C2}.Release|Any CPU.Build.0 = Release|Any CPU
		{B59E5BFD-D9F6-4460-9A6F-FB2FF12861A8}.Debug|Any CPU.ActiveCfg = Debug|Any CPU
		{B59E5BFD-D9F6-4460-9A6F-FB2FF12861A8}.Debug|Any CPU.Build.0 = Debug|Any CPU
		{B59E5BFD-D9F6-4460-9A6F-FB2FF12861A8}.Release|Any CPU.ActiveCfg = Release|Any CPU
		{B59E5BFD-D9F6-4460-9A6F-FB2FF12861A8}.Release|Any CPU.Build.0 = Release|Any CPU
		{DDB06BD6-3467-4B22-8D6D-72286D2DD42E}.Debug|Any CPU.ActiveCfg = Debug|Any CPU
		{DDB06BD6-3467-4B22-8D6D-72286D2DD42E}.Debug|Any CPU.Build.0 = Debug|Any CPU
		{DDB06BD6-3467-4B22-8D6D-72286D2DD42E}.Release|Any CPU.ActiveCfg = Release|Any CPU
		{DDB06BD6-3467-4B22-8D6D-72286D2DD42E}.Release|Any CPU.Build.0 = Release|Any CPU
		{E2022AA3-B23E-4EA9-8FE9-254B642F6EA0}.Debug|Any CPU.ActiveCfg = Debug|Any CPU
		{E2022AA3-B23E-4EA9-8FE9-254B642F6EA0}.Debug|Any CPU.Build.0 = Debug|Any CPU
		{E2022AA3-B23E-4EA9-8FE9-254B642F6EA0}.Release|Any CPU.ActiveCfg = Release|Any CPU
		{E2022AA3-B23E-4EA9-8FE9-254B642F6EA0}.Release|Any CPU.Build.0 = Release|Any CPU
		{E2193352-FE0C-4E5F-AEA0-DCA581C620E2}.Debug|Any CPU.ActiveCfg = Debug|Any CPU
		{E2193352-FE0C-4E5F-AEA0-DCA581C620E2}.Debug|Any CPU.Build.0 = Debug|Any CPU
		{E2193352-FE0C-4E5F-AEA0-DCA581C620E2}.Release|Any CPU.ActiveCfg = Release|Any CPU
		{E2193352-FE0C-4E5F-AEA0-DCA581C620E2}.Release|Any CPU.Build.0 = Release|Any CPU
	EndGlobalSection
	GlobalSection(SolutionProperties) = preSolution
		HideSolutionNode = FALSE
	EndGlobalSection
	GlobalSection(NestedProjects) = preSolution
		{7E1F97E7-5379-47DE-9F67-EACBA79C837E} = {435D9A3D-82C6-402A-AA4D-7A82D1311B24}
		{5DF11CD8-C58F-469C-8166-398C3E92A373} = {435D9A3D-82C6-402A-AA4D-7A82D1311B24}
		{0B96DDC7-14E1-4C46-AE51-7D97A43D2AA7} = {435D9A3D-82C6-402A-AA4D-7A82D1311B24}
		{E77887BF-A0AF-49E6-A922-C38203BEA8B1} = {435D9A3D-82C6-402A-AA4D-7A82D1311B24}
		{5FACB40A-A4B1-45CE-BD8A-C4B32DBDDED2} = {435D9A3D-82C6-402A-AA4D-7A82D1311B24}
		{1A8899AC-D830-4CCC-B9F1-FC8E40CDD29F} = {7E1F97E7-5379-47DE-9F67-EACBA79C837E}
		{2F27AEB2-2EC0-4CF2-9227-653ED92C61C2} = {5DF11CD8-C58F-469C-8166-398C3E92A373}
		{B59E5BFD-D9F6-4460-9A6F-FB2FF12861A8} = {0B96DDC7-14E1-4C46-AE51-7D97A43D2AA7}
		{DDB06BD6-3467-4B22-8D6D-72286D2DD42E} = {E77887BF-A0AF-49E6-A922-C38203BEA8B1}
		{E2022AA3-B23E-4EA9-8FE9-254B642F6EA0} = {1EF28668-2FD9-4C97-A22F-3E65DD7DF505}
		{E2193352-FE0C-4E5F-AEA0-DCA581C620E2} = {5FACB40A-A4B1-45CE-BD8A-C4B32DBDDED2}
	EndGlobalSection
	GlobalSection(ExtensibilityGlobals) = postSolution
		SolutionGuid = {4F61B770-B543-4DEA-A959-4E586DCF5910}
	EndGlobalSection
EndGlobal
